
Microsoft Visual Studio Solution File, Format Version 12.00
# Visual Studio Version 17
VisualStudioVersion = 17.0.31903.59
MinimumVisualStudioVersion = 10.0.40219.1
Project("{FAE04EC0-301F-11D3-BF4B-00C04F79EFBC}") = "PokemonCardTrading.Web", "PokemonCardTrading.Web\PokemonCardTrading.Web.csproj", "{52DA998A-4BE2-44E3-B36B-7496AC49E136}"
EndProject
Project("{FAE04EC0-301F-11D3-BF4B-00C04F79EFBC}") = "PokemonCardTrading.Data", "PokemonCardTrading.Data\PokemonCardTrading.Data.csproj", "{17BC25C6-C18D-48C4-AA82-788E96A8224C}"
EndProject
Project("{FAE04EC0-301F-11D3-BF4B-00C04F79EFBC}") = "PokemonCardTrading.Domain", "PokemonCardTrading.Domain\PokemonCardTrading.Domain.csproj", "{A1C00243-37B4-4CB0-B710-E8558729EFDE}"
EndProject
Project("{FAE04EC0-301F-11D3-BF4B-00C04F79EFBC}") = "PokemonCardTrading.Application", "PokemonCardTrading.Application\PokemonCardTrading.Application.csproj", "{951A01E1-07C8-4C73-B38F-9F9C243C9637}"
EndProject
Global
	GlobalSection(SolutionConfigurationPlatforms) = preSolution
		Debug|Any CPU = Debug|Any CPU
		Release|Any CPU = Release|Any CPU
	EndGlobalSection
	GlobalSection(SolutionProperties) = preSolution
		HideSolutionNode = FALSE
	EndGlobalSection
	GlobalSection(ProjectConfigurationPlatforms) = postSolution
		{52DA998A-4BE2-44E3-B36B-7496AC49E136}.Debug|Any CPU.ActiveCfg = Debug|Any CPU
		{52DA998A-4BE2-44E3-B36B-7496AC49E136}.Debug|Any CPU.Build.0 = Debug|Any CPU
		{52DA998A-4BE2-44E3-B36B-7496AC49E136}.Release|Any CPU.ActiveCfg = Release|Any CPU
		{52DA998A-4BE2-44E3-B36B-7496AC49E136}.Release|Any CPU.Build.0 = Release|Any CPU
		{17BC25C6-C18D-48C4-AA82-788E96A8224C}.Debug|Any CPU.ActiveCfg = Debug|Any CPU
		{17BC25C6-C18D-48C4-AA82-788E96A8224C}.Debug|Any CPU.Build.0 = Debug|Any CPU
		{17BC25C6-C18D-48C4-AA82-788E96A8224C}.Release|Any CPU.ActiveCfg = Release|Any CPU
		{17BC25C6-C18D-48C4-AA82-788E96A8224C}.Release|Any CPU.Build.0 = Release|Any CPU
		{A1C00243-37B4-4CB0-B710-E8558729EFDE}.Debug|Any CPU.ActiveCfg = Debug|Any CPU
		{A1C00243-37B4-4CB0-B710-E8558729EFDE}.Debug|Any CPU.Build.0 = Debug|Any CPU
		{A1C00243-37B4-4CB0-B710-E8558729EFDE}.Release|Any CPU.ActiveCfg = Release|Any CPU
		{A1C00243-37B4-4CB0-B710-E8558729EFDE}.Release|Any CPU.Build.0 = Release|Any CPU
		{951A01E1-07C8-4C73-B38F-9F9C243C9637}.Debug|Any CPU.ActiveCfg = Debug|Any CPU
		{951A01E1-07C8-4C73-B38F-9F9C243C9637}.Debug|Any CPU.Build.0 = Debug|Any CPU
		{951A01E1-07C8-4C73-B38F-9F9C243C9637}.Release|Any CPU.ActiveCfg = Release|Any CPU
		{951A01E1-07C8-4C73-B38F-9F9C243C9637}.Release|Any CPU.Build.0 = Release|Any CPU
	EndGlobalSection
EndGlobal
